dependencies:
  espressif/led_strip:
    component_hash: 28c6509a727ef74925b372ed404772aeedf11cce10b78c3f69b3c66799095e2d
    dependencies:
    - name: idf
      require: private
      version: '>=4.4'
    source:
      registry_url: https://components.espressif.com/
      type: service
    version: 2.5.5
  espressif/usb_host_cdc_acm:
    component_hash: f76e1283e7ef0e7970e8a708c4ee443ff0aa112572e25319d30b7ec555cc0aee
    dependencies:
    - name: idf
      require: private
      version: '>=4.4'
    source:
      registry_url: https://components.espressif.com/
      type: service
    version: 2.0.6
  idf:
    source:
      type: idf
    version: 5.4.0
  m5stack/m5gfx:
    component_hash: 932989e5a7154b099d2e2fc2e6906a39e0d24c567b62c9060d0b41f0b3d5446f
    dependencies: []
    source:
      registry_url: https://components.espressif.com
      type: service
    version: 0.2.3
  m5stack/m5unified:
    component_hash: 8035a9bd54dff86c4d3e43188ceaadd777f044a5f095d0fce5ce464a8e5116a7
    dependencies:
    - name: m5stack/m5gfx
      registry_url: https://components.espressif.com
      require: private
      version: ^0.2.3
    source:
      registry_url: https://components.espressif.com/
      type: service
    version: 0.2.2
direct_dependencies:
- espressif/led_strip
- espressif/usb_host_cdc_acm
- idf
- m5stack/m5unified
manifest_hash: 50c67b5dfe5c6f9c203f1d644a0ce4c17f24817899aa4939a13eaf40cc25754a
target: esp32s3
version: 2.0.0
